{
  "originHash" : "0998352df2db625429f06eb0c2228f82dd9846ac40def107d75121b174c13ec0",
  "pins" : [
    {
      "identity" : "agoraaudio_ios",
      "kind" : "remoteSourceControl",
      "location" : "https://github.com/AgoraIO/AgoraAudio_iOS",
      "state" : {
        "revision" : "ac77c9e5f36629275967a5d9987359eeb9bb9ed4",
        "version" : "4.3.1"
      }
    },
    {
      "identity" : "agorartm_ios",
      "kind" : "remoteSourceControl",
      "location" : "https://github.com/AgoraIO/AgoraRtm_iOS",
      "state" : {
        "revision" : "2e87ada22df8110cf85b9f18c2ac08083f4f63f4",
        "version" : "1.5.1"
      }
    },
    {
      "identity" : "networkmanager",
      "kind" : "remoteSourceControl",
      "location" : "https://github.com/Amin-0-1/NetworkManager",
      "state" : {
        "revision" : "8d832874e085711943f827e6c511a30d435fb1d4",
        "version" : "1.4.0"
      }
    }
  ],
  "version" : 3
}
