{
  "originHash" : "25403ef270e40cc2790d128235370bb6c1e30689b4b0a79a206110b71c8650f9",
  "pins" : [
    {
      "identity" : "agoraaudio_ios",
      "kind" : "remoteSourceControl",
      "location" : "https://github.com/AgoraIO/AgoraAudio_iOS",
      "state" : {
        "revision" : "ac77c9e5f36629275967a5d9987359eeb9bb9ed4",
        "version" : "4.3.1"
      }
    },
    {
      "identity" : "networkmanager",
      "kind" : "remoteSourceControl",
      "location" : "https://github.com/Amin-0-1/NetworkManager",
      "state" : {
        "revision" : "9c8a614b18cd087d83e5cf746a8e271f9fff4627",
        "version" : "1.6.2"
      }
    },
    {
      "identity" : "swiftygif",
      "kind" : "remoteSourceControl",
      "location" : "https://github.com/alexiscreuzot/SwiftyGif",
      "state" : {
        "revision" : "4430cbc148baa3907651d40562d96325426f409a",
        "version" : "5.4.5"
      }
    }
  ],
  "version" : 3
}
