{
  "originHash" : "7344e0bbeef02555dec5dc295f31f3ad89a028f23163f09a4e0dcb13653d8bb1",
  "pins" : [
    {
      "identity" : "agoraaudio_ios",
      "kind" : "remoteSourceControl",
      "location" : "https://github.com/AgoraIO/AgoraAudio_iOS",
      "state" : {
        "revision" : "04ca2d5af7f7cce6d69f77bf044d4d85c956ac55",
        "version" : "4.6.0"
      }
    },
    {
      "identity" : "agorainfra_ios",
      "kind" : "remoteSourceControl",
      "location" : "https://github.com/AgoraIO/AgoraInfra_iOS.git",
      "state" : {
        "revision" : "0071cecee99160f056c943ee6bfca06685ffa3d7",
        "version" : "1.3.0"
      }
    },
    {
      "identity" : "moddakirsdk",
      "kind" : "remoteSourceControl",
      "location" : "https://github.com/Moddakir-App/ModdakirSDK.git",
      "state" : {
        "revision" : "0ef01650ab7637334fe82701a0811b604bffde7f",
        "version" : "0.1.7"
      }
    },
    {
      "identity" : "networkmanager",
      "kind" : "remoteSourceControl",
      "location" : "https://github.com/Amin-0-1/NetworkManager",
      "state" : {
        "revision" : "9c8a614b18cd087d83e5cf746a8e271f9fff4627",
        "version" : "1.6.2"
      }
    },
    {
      "identity" : "swiftygif",
      "kind" : "remoteSourceControl",
      "location" : "https://github.com/alexiscreuzot/SwiftyGif",
      "state" : {
        "revision" : "4430cbc148baa3907651d40562d96325426f409a",
        "version" : "5.4.5"
      }
    }
  ],
  "version" : 3
}
